
Microsoft Visual Studio Solution File, Format Version 12.00
# Visual Studio 15
VisualStudioVersion = 15.0.26730.15
MinimumVisualStudioVersion = 10.0.40219.1
Project("{FAE04EC0-301F-11D3-BF4B-00C04F79EFBC}") = "IRReader", "src\main\csharp\IRReader\IRReader.csproj", "{9F8C0AE7-5DF6-4423-B46D-972D386900BC}"
EndProject
Project("{FAE04EC0-301F-11D3-BF4B-00C04F79EFBC}") = "Common", "src\main\csharp\Common\Common.csproj", "{71942C30-4552-481C-8D34-F8E6E5C414DB}"
EndProject
Project("{FAE04EC0-301F-11D3-BF4B-00C04F79EFBC}") = "VisibleLightReader", "src\main\csharp\VisibleLightReader\VisibleLightReader.csproj", "{4265245D-FDD8-4F19-A6BC-B5F518530F4C}"
EndProject
Project("{FAE04EC0-301F-11D3-BF4B-00C04F79EFBC}") = "TemperatureReader", "src\main\csharp\TemperatureReader\TemperatureReader.csproj", "{109BB75C-1871-4B17-883C-1208269C0C5D}"
EndProject
Project("{FAE04EC0-301F-11D3-BF4B-00C04F79EFBC}") = "RFIDReader", "src\main\csharp\RFIDReader\RFIDReader.csproj", "{83115A5F-45DA-4746-B1D6-88C6635C6C9C}"
EndProject
Project("{FAE04EC0-301F-11D3-BF4B-00C04F79EFBC}") = "Uploader", "src\main\csharp\Uploader\Uploader.csproj", "{0925FAFD-9919-45D3-84F5-0068445070AA}"
EndProject
Project("{2150E333-8FDC-42A3-9474-1A3956D46DE8}") = "Readers", "Readers", "{73445814-2BF4-48EC-B3B5-000BCF1039B1}"
EndProject
Project("{2150E333-8FDC-42A3-9474-1A3956D46DE8}") = "Config", "Config", "{84F3A347-3FDB-479A-92A9-9898DD06ECF6}"
	ProjectSection(SolutionItems) = preProject
		src\main\csharp\Config\App.config = src\main\csharp\Config\App.config
	EndProjectSection
EndProject
Global
	GlobalSection(SolutionConfigurationPlatforms) = preSolution
		Debug|Any CPU = Debug|Any CPU
		Release|Any CPU = Release|Any CPU
	EndGlobalSection
	GlobalSection(ProjectConfigurationPlatforms) = postSolution
		{9F8C0AE7-5DF6-4423-B46D-972D386900BC}.Debug|Any CPU.ActiveCfg = Debug|Any CPU
		{9F8C0AE7-5DF6-4423-B46D-972D386900BC}.Debug|Any CPU.Build.0 = Debug|Any CPU
		{9F8C0AE7-5DF6-4423-B46D-972D386900BC}.Release|Any CPU.ActiveCfg = Release|Any CPU
		{9F8C0AE7-5DF6-4423-B46D-972D386900BC}.Release|Any CPU.Build.0 = Release|Any CPU
		{71942C30-4552-481C-8D34-F8E6E5C414DB}.Debug|Any CPU.ActiveCfg = Debug|Any CPU
		{71942C30-4552-481C-8D34-F8E6E5C414DB}.Debug|Any CPU.Build.0 = Debug|Any CPU
		{71942C30-4552-481C-8D34-F8E6E5C414DB}.Release|Any CPU.ActiveCfg = Release|Any CPU
		{71942C30-4552-481C-8D34-F8E6E5C414DB}.Release|Any CPU.Build.0 = Release|Any CPU
		{4265245D-FDD8-4F19-A6BC-B5F518530F4C}.Debug|Any CPU.ActiveCfg = Debug|Any CPU
		{4265245D-FDD8-4F19-A6BC-B5F518530F4C}.Debug|Any CPU.Build.0 = Debug|Any CPU
		{4265245D-FDD8-4F19-A6BC-B5F518530F4C}.Release|Any CPU.ActiveCfg = Release|Any CPU
		{4265245D-FDD8-4F19-A6BC-B5F518530F4C}.Release|Any CPU.Build.0 = Release|Any CPU
		{109BB75C-1871-4B17-883C-1208269C0C5D}.Debug|Any CPU.ActiveCfg = Debug|Any CPU
		{109BB75C-1871-4B17-883C-1208269C0C5D}.Debug|Any CPU.Build.0 = Debug|Any CPU
		{109BB75C-1871-4B17-883C-1208269C0C5D}.Release|Any CPU.ActiveCfg = Release|Any CPU
		{109BB75C-1871-4B17-883C-1208269C0C5D}.Release|Any CPU.Build.0 = Release|Any CPU
		{83115A5F-45DA-4746-B1D6-88C6635C6C9C}.Debug|Any CPU.ActiveCfg = Debug|Any CPU
		{83115A5F-45DA-4746-B1D6-88C6635C6C9C}.Debug|Any CPU.Build.0 = Debug|Any CPU
		{83115A5F-45DA-4746-B1D6-88C6635C6C9C}.Release|Any CPU.ActiveCfg = Release|Any CPU
		{83115A5F-45DA-4746-B1D6-88C6635C6C9C}.Release|Any CPU.Build.0 = Release|Any CPU
		{0925FAFD-9919-45D3-84F5-0068445070AA}.Debug|Any CPU.ActiveCfg = Debug|Any CPU
		{0925FAFD-9919-45D3-84F5-0068445070AA}.Debug|Any CPU.Build.0 = Debug|Any CPU
		{0925FAFD-9919-45D3-84F5-0068445070AA}.Release|Any CPU.ActiveCfg = Release|Any CPU
		{0925FAFD-9919-45D3-84F5-0068445070AA}.Release|Any CPU.Build.0 = Release|Any CPU
	EndGlobalSection
	GlobalSection(SolutionProperties) = preSolution
		HideSolutionNode = FALSE
	EndGlobalSection
	GlobalSection(NestedProjects) = preSolution
		{9F8C0AE7-5DF6-4423-B46D-972D386900BC} = {73445814-2BF4-48EC-B3B5-000BCF1039B1}
		{4265245D-FDD8-4F19-A6BC-B5F518530F4C} = {73445814-2BF4-48EC-B3B5-000BCF1039B1}
		{109BB75C-1871-4B17-883C-1208269C0C5D} = {73445814-2BF4-48EC-B3B5-000BCF1039B1}
		{83115A5F-45DA-4746-B1D6-88C6635C6C9C} = {73445814-2BF4-48EC-B3B5-000BCF1039B1}
	EndGlobalSection
	GlobalSection(ExtensibilityGlobals) = postSolution
		SolutionGuid = {28A70028-07D1-45E5-A773-D143F77AFDC3}
	EndGlobalSection
EndGlobal
